// !$*UTF8*$!
{
	archiveVersion = 1;
	classes = {
	};
	objectVersion = 46;
	objects = {

/* Begin PBXBuildFile section */
		AD61021F1BE2E6130009A612 /* AppDelegate.swift in Sources */ = {isa = PBXBuildFile; fileRef = AD61021E1BE2E6130009A612 /* AppDelegate.swift */; };
		AD6102221BE2E6130009A612 /* Athletics.xcdatamodeld in Sources */ = {isa = PBXBuildFile; fileRef = AD6102201BE2E6130009A612 /* Athletics.xcdatamodeld */; };
		AD6102291BE2E6130009A612 /* Images.xcassets in Resources */ = {isa = PBXBuildFile; fileRef = AD6102281BE2E6130009A612 /* Images.xcassets */; };
		AD61022C1BE2E6130009A612 /* LaunchScreen.xib in Resources */ = {isa = PBXBuildFile; fileRef = AD61022A1BE2E6130009A612 /* LaunchScreen.xib */; };
		AD6102381BE2E6130009A612 /* AthleticsTests.swift in Sources */ = {isa = PBXBuildFile; fileRef = AD6102371BE2E6130009A612 /* AthleticsTests.swift */; };
		AD6102481BE2EBA60009A612 /* Home.swift in Sources */ = {isa = PBXBuildFile; fileRef = AD6102461BE2EBA60009A612 /* Home.swift */; };
		AD6102491BE2EBA60009A612 /* Home.xib in Resources */ = {isa = PBXBuildFile; fileRef = AD6102471BE2EBA60009A612 /* Home.xib */; };
		AD6102511BE2F45E0009A612 /* Event.swift in Sources */ = {isa = PBXBuildFile; fileRef = AD6102501BE2F45E0009A612 /* Event.swift */; };
		AD6102641BE3D9B30009A612 /* Calendar.swift in Sources */ = {isa = PBXBuildFile; fileRef = AD6102621BE3D9B30009A612 /* Calendar.swift */; };
		AD6102651BE3D9B30009A612 /* Calendar.xib in Resources */ = {isa = PBXBuildFile; fileRef = AD6102631BE3D9B30009A612 /* Calendar.xib */; };
		AD62542D1BE50B0700A2F451 /* EventEdit.swift in Sources */ = {isa = PBXBuildFile; fileRef = AD62542B1BE50B0700A2F451 /* EventEdit.swift */; };
		AD6254301BE77BE200A2F451 /* Main.storyboard in Resources */ = {isa = PBXBuildFile; fileRef = AD62542F1BE77BE200A2F451 /* Main.storyboard */; };
		AD62543A1BE7A46400A2F451 /* Team.swift in Sources */ = {isa = PBXBuildFile; fileRef = AD6254391BE7A46400A2F451 /* Team.swift */; };
		AD62543E1BE7B68000A2F451 /* TimeSelector.swift in Sources */ = {isa = PBXBuildFile; fileRef = AD62543C1BE7B68000A2F451 /* TimeSelector.swift */; };
		AD62543F1BE7B68000A2F451 /* TimeSelector.xib in Resources */ = {isa = PBXBuildFile; fileRef = AD62543D1BE7B68000A2F451 /* TimeSelector.xib */; };
		AD6254431BE7C1FC00A2F451 /* DateSelector.swift in Sources */ = {isa = PBXBuildFile; fileRef = AD6254411BE7C1FC00A2F451 /* DateSelector.swift */; };
		AD6254441BE7C1FC00A2F451 /* DateSelector.xib in Resources */ = {isa = PBXBuildFile; fileRef = AD6254421BE7C1FC00A2F451 /* DateSelector.xib */; };
		AD6254481BE7C83600A2F451 /* LocationSearch.swift in Sources */ = {isa = PBXBuildFile; fileRef = AD6254461BE7C83600A2F451 /* LocationSearch.swift */; };
		AD6254491BE7C83600A2F451 /* LocationSearch.xib in Resources */ = {isa = PBXBuildFile; fileRef = AD6254471BE7C83600A2F451 /* LocationSearch.xib */; };
		AD62544E1BE92ACA00A2F451 /* Globals.swift in Sources */ = {isa = PBXBuildFile; fileRef = AD62544D1BE92ACA00A2F451 /* Globals.swift */; };
		AD6254551BE9443B00A2F451 /* UsersTable.swift in Sources */ = {isa = PBXBuildFile; fileRef = AD6254531BE9443B00A2F451 /* UsersTable.swift */; };
		AD6254561BE9443B00A2F451 /* UsersTable.xib in Resources */ = {isa = PBXBuildFile; fileRef = AD6254541BE9443B00A2F451 /* UsersTable.xib */; };
		AD62545E1BE944C900A2F451 /* UserEdit.swift in Sources */ = {isa = PBXBuildFile; fileRef = AD62545C1BE944C900A2F451 /* UserEdit.swift */; };
		AD62545F1BE944C900A2F451 /* UserEdit.xib in Resources */ = {isa = PBXBuildFile; fileRef = AD62545D1BE944C900A2F451 /* UserEdit.xib */; };
		AD6254611BE9461100A2F451 /* User.swift in Sources */ = {isa = PBXBuildFile; fileRef = AD6254601BE9461100A2F451 /* User.swift */; };
		AD6254651BE9A04A00A2F451 /* LoginView.swift in Sources */ = {isa = PBXBuildFile; fileRef = AD6254631BE9A04A00A2F451 /* LoginView.swift */; };
		AD6254661BE9A04A00A2F451 /* LoginView.xib in Resources */ = {isa = PBXBuildFile; fileRef = AD6254641BE9A04A00A2F451 /* LoginView.xib */; };
		AD6254701BEAA8AB00A2F451 /* Role.swift in Sources */ = {isa = PBXBuildFile; fileRef = AD62546F1BEAA8AB00A2F451 /* Role.swift */; };
		AD6254731BEABEEC00A2F451 /* UserAccess.swift in Sources */ = {isa = PBXBuildFile; fileRef = AD6254711BEABEEC00A2F451 /* UserAccess.swift */; };
		AD6254741BEABEEC00A2F451 /* UserAccess.xib in Resources */ = {isa = PBXBuildFile; fileRef = AD6254721BEABEEC00A2F451 /* UserAccess.xib */; };
		AD62547C1BEAE36300A2F451 /* TeamsTable.swift in Sources */ = {isa = PBXBuildFile; fileRef = AD62547A1BEAE36300A2F451 /* TeamsTable.swift */; };
		AD62547D1BEAE36300A2F451 /* TeamsTable.xib in Resources */ = {isa = PBXBuildFile; fileRef = AD62547B1BEAE36300A2F451 /* TeamsTable.xib */; };
		AD6254811BEAF22000A2F451 /* TeamEdit.swift in Sources */ = {isa = PBXBuildFile; fileRef = AD62547F1BEAF22000A2F451 /* TeamEdit.swift */; };
		AD6254821BEAF22000A2F451 /* TeamEdit.xib in Resources */ = {isa = PBXBuildFile; fileRef = AD6254801BEAF22000A2F451 /* TeamEdit.xib */; };
		AD6254851BEBF86600A2F451 /* UserAccessCell.swift in Sources */ = {isa = PBXBuildFile; fileRef = AD6254831BEBF86600A2F451 /* UserAccessCell.swift */; };
		AD6254861BEBF86600A2F451 /* UserAccessCell.xib in Resources */ = {isa = PBXBuildFile; fileRef = AD6254841BEBF86600A2F451 /* UserAccessCell.xib */; };
		AD6254891BEE8F4700A2F451 /* More.swift in Sources */ = {isa = PBXBuildFile; fileRef = AD6254871BEE8F4700A2F451 /* More.swift */; };
		AD62548A1BEE8F4700A2F451 /* More.xib in Resources */ = {isa = PBXBuildFile; fileRef = AD6254881BEE8F4700A2F451 /* More.xib */; };
		AD62548D1BEEA9E200A2F451 /* Schedule.swift in Sources */ = {isa = PBXBuildFile; fileRef = AD62548B1BEEA9E200A2F451 /* Schedule.swift */; };
		AD62548E1BEEA9E200A2F451 /* Schedule.xib in Resources */ = {isa = PBXBuildFile; fileRef = AD62548C1BEEA9E200A2F451 /* Schedule.xib */; };
		E0D926ABB0E9AB0D01A78AA6 /* Pods_Athletics.framework in Frameworks */ = {isa = PBXBuildFile; fileRef = 532598E9C0E224A2EA27CC0C /* Pods_Athletics.framework */; };
/* End PBXBuildFile section */

/* Begin PBXContainerItemProxy section */
		AD6102321BE2E6130009A612 /* PBXContainerItemProxy */ = {
			isa = PBXContainerItemProxy;
			containerPortal = AD6102111BE2E6130009A612 /* Project object */;
			proxyType = 1;
			remoteGlobalIDString = AD6102181BE2E6130009A612;
			remoteInfo = Athletics;
		};
/* End PBXContainerItemProxy section */

/* Begin PBXFileReference section */
		532598E9C0E224A2EA27CC0C /* Pods_Athletics.framework */ = {isa = PBXFileReference; explicitFileType = wrapper.framework; includeInIndex = 0; path = Pods_Athletics.framework; sourceTree = BUILT_PRODUCTS_DIR; };
		9C6A14E6F1A96AFC87044C09 /* Pods-Athletics.debug.xcconfig */ = {isa = PBXFileReference; includeInIndex = 1; lastKnownFileType = text.xcconfig; name = "Pods-Athletics.debug.xcconfig"; path = "Pods/Target Support Files/Pods-Athletics/Pods-Athletics.debug.xcconfig"; sourceTree = "<group>"; };
		AD6102191BE2E6130009A612 /* Athletics.app */ = {isa = PBXFileReference; explicitFileType = wrapper.application; includeInIndex = 0; path = Athletics.app; sourceTree = BUILT_PRODUCTS_DIR; };
		AD61021D1BE2E6130009A612 /* Info.plist */ = {isa = PBXFileReference; lastKnownFileType = text.plist.xml; path = Info.plist; sourceTree = "<group>"; };
		AD61021E1BE2E6130009A612 /* AppDelegate.swift */ = {isa = PBXFileReference; lastKnownFileType = sourcecode.swift; path = AppDelegate.swift; sourceTree = "<group>"; };
		AD6102211BE2E6130009A612 /* Athletics.xcdatamodel */ = {isa = PBXFileReference; lastKnownFileType = wrapper.xcdatamodel; path = Athletics.xcdatamodel; sourceTree = "<group>"; };
		AD6102281BE2E6130009A612 /* Images.xcassets */ = {isa = PBXFileReference; lastKnownFileType = folder.assetcatalog; path = Images.xcassets; sourceTree = "<group>"; };
		AD61022B1BE2E6130009A612 /* Base */ = {isa = PBXFileReference; lastKnownFileType = file.xib; name = Base; path = Base.lproj/LaunchScreen.xib; sourceTree = "<group>"; };
		AD6102311BE2E6130009A612 /* AthleticsTests.xctest */ = {isa = PBXFileReference; explicitFileType = wrapper.cfbundle; includeInIndex = 0; path = AthleticsTests.xctest; sourceTree = BUILT_PRODUCTS_DIR; };
		AD6102361BE2E6130009A612 /* Info.plist */ = {isa = PBXFileReference; lastKnownFileType = text.plist.xml; path = Info.plist; sourceTree = "<group>"; };
		AD6102371BE2E6130009A612 /* AthleticsTests.swift */ = {isa = PBXFileReference; lastKnownFileType = sourcecode.swift; path = AthleticsTests.swift; sourceTree = "<group>"; };
		AD6102461BE2EBA60009A612 /* Home.swift */ = {isa = PBXFileReference; fileEncoding = 4; lastKnownFileType = sourcecode.swift; path = Home.swift; sourceTree = "<group>"; };
		AD6102471BE2EBA60009A612 /* Home.xib */ = {isa = PBXFileReference; fileEncoding = 4; lastKnownFileType = file.xib; path = Home.xib; sourceTree = "<group>"; };
		AD6102501BE2F45E0009A612 /* Event.swift */ = {isa = PBXFileReference; fileEncoding = 4; lastKnownFileType = sourcecode.swift; path = Event.swift; sourceTree = "<group>"; };
		AD6102621BE3D9B30009A612 /* Calendar.swift */ = {isa = PBXFileReference; fileEncoding = 4; lastKnownFileType = sourcecode.swift; path = Calendar.swift; sourceTree = "<group>"; };
		AD6102631BE3D9B30009A612 /* Calendar.xib */ = {isa = PBXFileReference; fileEncoding = 4; lastKnownFileType = file.xib; path = Calendar.xib; sourceTree = "<group>"; };
		AD62542B1BE50B0700A2F451 /* EventEdit.swift */ = {isa = PBXFileReference; fileEncoding = 4; lastKnownFileType = sourcecode.swift; path = EventEdit.swift; sourceTree = "<group>"; };
		AD62542F1BE77BE200A2F451 /* Main.storyboard */ = {isa = PBXFileReference; fileEncoding = 4; lastKnownFileType = file.storyboard; name = Main.storyboard; path = ../Main.storyboard; sourceTree = "<group>"; };
		AD6254391BE7A46400A2F451 /* Team.swift */ = {isa = PBXFileReference; fileEncoding = 4; lastKnownFileType = sourcecode.swift; path = Team.swift; sourceTree = "<group>"; };
		AD62543C1BE7B68000A2F451 /* TimeSelector.swift */ = {isa = PBXFileReference; fileEncoding = 4; lastKnownFileType = sourcecode.swift; path = TimeSelector.swift; sourceTree = "<group>"; };
		AD62543D1BE7B68000A2F451 /* TimeSelector.xib */ = {isa = PBXFileReference; fileEncoding = 4; lastKnownFileType = file.xib; path = TimeSelector.xib; sourceTree = "<group>"; };
		AD6254411BE7C1FC00A2F451 /* DateSelector.swift */ = {isa = PBXFileReference; fileEncoding = 4; lastKnownFileType = sourcecode.swift; path = DateSelector.swift; sourceTree = "<group>"; };
		AD6254421BE7C1FC00A2F451 /* DateSelector.xib */ = {isa = PBXFileReference; fileEncoding = 4; lastKnownFileType = file.xib; path = DateSelector.xib; sourceTree = "<group>"; };
		AD6254461BE7C83600A2F451 /* LocationSearch.swift */ = {isa = PBXFileReference; fileEncoding = 4; lastKnownFileType = sourcecode.swift; path = LocationSearch.swift; sourceTree = "<group>"; };
		AD6254471BE7C83600A2F451 /* LocationSearch.xib */ = {isa = PBXFileReference; fileEncoding = 4; lastKnownFileType = file.xib; path = LocationSearch.xib; sourceTree = "<group>"; };
		AD62544D1BE92ACA00A2F451 /* Globals.swift */ = {isa = PBXFileReference; fileEncoding = 4; lastKnownFileType = sourcecode.swift; path = Globals.swift; sourceTree = "<group>"; };
		AD62544F1BE92DBE00A2F451 /* Athletics-Bridging-Header.h */ = {isa = PBXFileReference; lastKnownFileType = sourcecode.c.h; path = "Athletics-Bridging-Header.h"; sourceTree = "<group>"; };
		AD6254531BE9443B00A2F451 /* UsersTable.swift */ = {isa = PBXFileReference; fileEncoding = 4; lastKnownFileType = sourcecode.swift; path = UsersTable.swift; sourceTree = "<group>"; };
		AD6254541BE9443B00A2F451 /* UsersTable.xib */ = {isa = PBXFileReference; fileEncoding = 4; lastKnownFileType = file.xib; path = UsersTable.xib; sourceTree = "<group>"; };
		AD62545C1BE944C900A2F451 /* UserEdit.swift */ = {isa = PBXFileReference; fileEncoding = 4; lastKnownFileType = sourcecode.swift; path = UserEdit.swift; sourceTree = "<group>"; };
		AD62545D1BE944C900A2F451 /* UserEdit.xib */ = {isa = PBXFileReference; fileEncoding = 4; lastKnownFileType = file.xib; path = UserEdit.xib; sourceTree = "<group>"; };
		AD6254601BE9461100A2F451 /* User.swift */ = {isa = PBXFileReference; fileEncoding = 4; lastKnownFileType = sourcecode.swift; path = User.swift; sourceTree = "<group>"; };
		AD6254631BE9A04A00A2F451 /* LoginView.swift */ = {isa = PBXFileReference; fileEncoding = 4; lastKnownFileType = sourcecode.swift; path = LoginView.swift; sourceTree = "<group>"; };
		AD6254641BE9A04A00A2F451 /* LoginView.xib */ = {isa = PBXFileReference; fileEncoding = 4; lastKnownFileType = file.xib; path = LoginView.xib; sourceTree = "<group>"; };
		AD62546F1BEAA8AB00A2F451 /* Role.swift */ = {isa = PBXFileReference; fileEncoding = 4; lastKnownFileType = sourcecode.swift; path = Role.swift; sourceTree = "<group>"; };
		AD6254711BEABEEC00A2F451 /* UserAccess.swift */ = {isa = PBXFileReference; fileEncoding = 4; lastKnownFileType = sourcecode.swift; path = UserAccess.swift; sourceTree = "<group>"; };
		AD6254721BEABEEC00A2F451 /* UserAccess.xib */ = {isa = PBXFileReference; fileEncoding = 4; lastKnownFileType = file.xib; path = UserAccess.xib; sourceTree = "<group>"; };
		AD62547A1BEAE36300A2F451 /* TeamsTable.swift */ = {isa = PBXFileReference; fileEncoding = 4; lastKnownFileType = sourcecode.swift; path = TeamsTable.swift; sourceTree = "<group>"; };
		AD62547B1BEAE36300A2F451 /* TeamsTable.xib */ = {isa = PBXFileReference; fileEncoding = 4; lastKnownFileType = file.xib; path = TeamsTable.xib; sourceTree = "<group>"; };
		AD62547F1BEAF22000A2F451 /* TeamEdit.swift */ = {isa = PBXFileReference; fileEncoding = 4; lastKnownFileType = sourcecode.swift; path = TeamEdit.swift; sourceTree = "<group>"; };
		AD6254801BEAF22000A2F451 /* TeamEdit.xib */ = {isa = PBXFileReference; fileEncoding = 4; lastKnownFileType = file.xib; path = TeamEdit.xib; sourceTree = "<group>"; };
		AD6254831BEBF86600A2F451 /* UserAccessCell.swift */ = {isa = PBXFileReference; fileEncoding = 4; lastKnownFileType = sourcecode.swift; path = UserAccessCell.swift; sourceTree = "<group>"; };
		AD6254841BEBF86600A2F451 /* UserAccessCell.xib */ = {isa = PBXFileReference; fileEncoding = 4; lastKnownFileType = file.xib; path = UserAccessCell.xib; sourceTree = "<group>"; };
		AD6254871BEE8F4700A2F451 /* More.swift */ = {isa = PBXFileReference; fileEncoding = 4; lastKnownFileType = sourcecode.swift; path = More.swift; sourceTree = "<group>"; };
		AD6254881BEE8F4700A2F451 /* More.xib */ = {isa = PBXFileReference; fileEncoding = 4; lastKnownFileType = file.xib; path = More.xib; sourceTree = "<group>"; };
		AD62548B1BEEA9E200A2F451 /* Schedule.swift */ = {isa = PBXFileReference; fileEncoding = 4; lastKnownFileType = sourcecode.swift; path = Schedule.swift; sourceTree = "<group>"; };
		AD62548C1BEEA9E200A2F451 /* Schedule.xib */ = {isa = PBXFileReference; fileEncoding = 4; lastKnownFileType = file.xib; path = Schedule.xib; sourceTree = "<group>"; };
		BF8A320E446C9BCC99D6BB8F /* Pods-Athletics.release.xcconfig */ = {isa = PBXFileReference; includeInIndex = 1; lastKnownFileType = text.xcconfig; name = "Pods-Athletics.release.xcconfig"; path = "Pods/Target Support Files/Pods-Athletics/Pods-Athletics.release.xcconfig"; sourceTree = "<group>"; };
/* End PBXFileReference section */

/* Begin PBXFrameworksBuildPhase section */
		AD6102161BE2E6130009A612 /* Frameworks */ = {
			isa = PBXFrameworksBuildPhase;
			buildActionMask = 2147483647;
			files = (
				E0D926ABB0E9AB0D01A78AA6 /* Pods_Athletics.framework in Frameworks */,
			);
			runOnlyForDeploymentPostprocessing = 0;
		};
		AD61022E1BE2E6130009A612 /* Frameworks */ = {
			isa = PBXFrameworksBuildPhase;
			buildActionMask = 2147483647;
			files = (
			);
			runOnlyForDeploymentPostprocessing = 0;
		};
/* End PBXFrameworksBuildPhase section */

/* Begin PBXGroup section */
		A0BB980019FAA517AD32E49E /* Frameworks */ = {
			isa = PBXGroup;
			children = (
				532598E9C0E224A2EA27CC0C /* Pods_Athletics.framework */,
			);
			name = Frameworks;
			sourceTree = "<group>";
		};
		AD6102101BE2E6130009A612 = {
			isa = PBXGroup;
			children = (
				AD61021B1BE2E6130009A612 /* Athletics */,
				AD6102341BE2E6130009A612 /* AthleticsTests */,
				AD61021A1BE2E6130009A612 /* Products */,
				FE781CA8377A50A959787B59 /* Pods */,
				A0BB980019FAA517AD32E49E /* Frameworks */,
			);
			sourceTree = "<group>";
		};
		AD61021A1BE2E6130009A612 /* Products */ = {
			isa = PBXGroup;
			children = (
				AD6102191BE2E6130009A612 /* Athletics.app */,
				AD6102311BE2E6130009A612 /* AthleticsTests.xctest */,
			);
			name = Products;
			sourceTree = "<group>";
		};
		AD61021B1BE2E6130009A612 /* Athletics */ = {
			isa = PBXGroup;
			children = (
				AD62544C1BE92ABB00A2F451 /* Tools */,
				AD6102611BE3D9950009A612 /* Components */,
				AD61024F1BE2F4430009A612 /* DB */,
				AD6102411BE2E7B20009A612 /* Home */,
				AD61021E1BE2E6130009A612 /* AppDelegate.swift */,
				AD62542F1BE77BE200A2F451 /* Main.storyboard */,
				AD6102281BE2E6130009A612 /* Images.xcassets */,
				AD61022A1BE2E6130009A612 /* LaunchScreen.xib */,
				AD6102201BE2E6130009A612 /* Athletics.xcdatamodeld */,
				AD61021C1BE2E6130009A612 /* Supporting Files */,
			);
			path = Athletics;
			sourceTree = "<group>";
		};
		AD61021C1BE2E6130009A612 /* Supporting Files */ = {
			isa = PBXGroup;
			children = (
				AD61021D1BE2E6130009A612 /* Info.plist */,
				AD62544F1BE92DBE00A2F451 /* Athletics-Bridging-Header.h */,
			);
			name = "Supporting Files";
			sourceTree = "<group>";
		};
		AD6102341BE2E6130009A612 /* AthleticsTests */ = {
			isa = PBXGroup;
			children = (
				AD6102371BE2E6130009A612 /* AthleticsTests.swift */,
				AD6102351BE2E6130009A612 /* Supporting Files */,
			);
			path = AthleticsTests;
			sourceTree = "<group>";
		};
		AD6102351BE2E6130009A612 /* Supporting Files */ = {
			isa = PBXGroup;
			children = (
				AD6102361BE2E6130009A612 /* Info.plist */,
			);
			name = "Supporting Files";
			sourceTree = "<group>";
		};
		AD6102411BE2E7B20009A612 /* Home */ = {
			isa = PBXGroup;
			children = (
				AD6102521BE3691D0009A612 /* More */,
				AD61024A1BE2EC0A0009A612 /* Schedule */,
				AD6102461BE2EBA60009A612 /* Home.swift */,
				AD6102471BE2EBA60009A612 /* Home.xib */,
			);
			name = Home;
			sourceTree = "<group>";
		};
		AD61024A1BE2EC0A0009A612 /* Schedule */ = {
			isa = PBXGroup;
			children = (
				AD62548B1BEEA9E200A2F451 /* Schedule.swift */,
				AD62548C1BEEA9E200A2F451 /* Schedule.xib */,
			);
			name = Schedule;
			sourceTree = "<group>";
		};
		AD61024F1BE2F4430009A612 /* DB */ = {
			isa = PBXGroup;
			children = (
				AD62546E1BEAA89E00A2F451 /* Roles */,
				AD62545B1BE944B000A2F451 /* User */,
				AD6254381BE7A45A00A2F451 /* Team */,
				AD6102581BE3D0C80009A612 /* Event */,
			);
			name = DB;
			sourceTree = "<group>";
		};
		AD6102521BE3691D0009A612 /* More */ = {
			isa = PBXGroup;
			children = (
				AD6254871BEE8F4700A2F451 /* More.swift */,
				AD6254881BEE8F4700A2F451 /* More.xib */,
			);
			name = More;
			sourceTree = "<group>";
		};
		AD6102581BE3D0C80009A612 /* Event */ = {
			isa = PBXGroup;
			children = (
				AD6102501BE2F45E0009A612 /* Event.swift */,
				AD62542B1BE50B0700A2F451 /* EventEdit.swift */,
			);
			name = Event;
			sourceTree = "<group>";
		};
		AD6102611BE3D9950009A612 /* Components */ = {
			isa = PBXGroup;
			children = (
				AD6254621BE9A02D00A2F451 /* Login */,
				AD6254521BE9440F00A2F451 /* UsersTable */,
				AD6254451BE7C81800A2F451 /* LocationSearch */,
				AD6254401BE7C1E400A2F451 /* DateSelector */,
				AD62543B1BE7B66500A2F451 /* TimeSelector */,
				AD6102681BE3DD3B0009A612 /* Calendar */,
			);
			name = Components;
			sourceTree = "<group>";
		};
		AD6102681BE3DD3B0009A612 /* Calendar */ = {
			isa = PBXGroup;
			children = (
				AD6102621BE3D9B30009A612 /* Calendar.swift */,
				AD6102631BE3D9B30009A612 /* Calendar.xib */,
			);
			name = Calendar;
			sourceTree = "<group>";
		};
		AD6254381BE7A45A00A2F451 /* Team */ = {
			isa = PBXGroup;
			children = (
				AD6254391BE7A46400A2F451 /* Team.swift */,
				AD62547E1BEAF20F00A2F451 /* TeamEdit */,
				AD6254751BEAE2DB00A2F451 /* TeamsTable */,
			);
			name = Team;
			sourceTree = "<group>";
		};
		AD62543B1BE7B66500A2F451 /* TimeSelector */ = {
			isa = PBXGroup;
			children = (
				AD62543C1BE7B68000A2F451 /* TimeSelector.swift */,
				AD62543D1BE7B68000A2F451 /* TimeSelector.xib */,
			);
			name = TimeSelector;
			sourceTree = "<group>";
		};
		AD6254401BE7C1E400A2F451 /* DateSelector */ = {
			isa = PBXGroup;
			children = (
				AD6254411BE7C1FC00A2F451 /* DateSelector.swift */,
				AD6254421BE7C1FC00A2F451 /* DateSelector.xib */,
			);
			name = DateSelector;
			sourceTree = "<group>";
		};
		AD6254451BE7C81800A2F451 /* LocationSearch */ = {
			isa = PBXGroup;
			children = (
				AD6254461BE7C83600A2F451 /* LocationSearch.swift */,
				AD6254471BE7C83600A2F451 /* LocationSearch.xib */,
			);
			name = LocationSearch;
			sourceTree = "<group>";
		};
		AD62544C1BE92ABB00A2F451 /* Tools */ = {
			isa = PBXGroup;
			children = (
				AD62544D1BE92ACA00A2F451 /* Globals.swift */,
			);
			name = Tools;
			sourceTree = "<group>";
		};
		AD6254521BE9440F00A2F451 /* UsersTable */ = {
			isa = PBXGroup;
			children = (
				AD6254531BE9443B00A2F451 /* UsersTable.swift */,
				AD6254541BE9443B00A2F451 /* UsersTable.xib */,
			);
			name = UsersTable;
			sourceTree = "<group>";
		};
		AD62545B1BE944B000A2F451 /* User */ = {
			isa = PBXGroup;
			children = (
				AD6254601BE9461100A2F451 /* User.swift */,
				AD6254691BE9D18C00A2F451 /* UserAccess */,
				AD62545C1BE944C900A2F451 /* UserEdit.swift */,
				AD62545D1BE944C900A2F451 /* UserEdit.xib */,
			);
			name = User;
			sourceTree = "<group>";
		};
		AD6254621BE9A02D00A2F451 /* Login */ = {
			isa = PBXGroup;
			children = (
				AD6254631BE9A04A00A2F451 /* LoginView.swift */,
				AD6254641BE9A04A00A2F451 /* LoginView.xib */,
			);
			name = Login;
			sourceTree = "<group>";
		};
		AD6254691BE9D18C00A2F451 /* UserAccess */ = {
			isa = PBXGroup;
			children = (
				AD6254711BEABEEC00A2F451 /* UserAccess.swift */,
				AD6254721BEABEEC00A2F451 /* UserAccess.xib */,
				AD6254831BEBF86600A2F451 /* UserAccessCell.swift */,
				AD6254841BEBF86600A2F451 /* UserAccessCell.xib */,
			);
			name = UserAccess;
			sourceTree = "<group>";
		};
		AD62546E1BEAA89E00A2F451 /* Roles */ = {
			isa = PBXGroup;
			children = (
				AD62546F1BEAA8AB00A2F451 /* Role.swift */,
			);
			name = Roles;
			sourceTree = "<group>";
		};
		AD6254751BEAE2DB00A2F451 /* TeamsTable */ = {
			isa = PBXGroup;
			children = (
				AD62547A1BEAE36300A2F451 /* TeamsTable.swift */,
				AD62547B1BEAE36300A2F451 /* TeamsTable.xib */,
			);
			name = TeamsTable;
			sourceTree = "<group>";
		};
		AD62547E1BEAF20F00A2F451 /* TeamEdit */ = {
			isa = PBXGroup;
			children = (
				AD62547F1BEAF22000A2F451 /* TeamEdit.swift */,
				AD6254801BEAF22000A2F451 /* TeamEdit.xib */,
			);
			name = TeamEdit;
			sourceTree = "<group>";
		};
		FE781CA8377A50A959787B59 /* Pods */ = {
			isa = PBXGroup;
			children = (
				9C6A14E6F1A96AFC87044C09 /* Pods-Athletics.debug.xcconfig */,
				BF8A320E446C9BCC99D6BB8F /* Pods-Athletics.release.xcconfig */,
			);
			name = Pods;
			sourceTree = "<group>";
		};
/* End PBXGroup section */

/* Begin PBXNativeTarget section */
		AD6102181BE2E6130009A612 /* Athletics */ = {
			isa = PBXNativeTarget;
			buildConfigurationList = AD61023B1BE2E6130009A612 /* Build configuration list for PBXNativeTarget "Athletics" */;
			buildPhases = (
				1967AA7F9EFD064E9ACCB053 /* Check Pods Manifest.lock */,
				AD6102151BE2E6130009A612 /* Sources */,
				AD6102161BE2E6130009A612 /* Frameworks */,
				AD6102171BE2E6130009A612 /* Resources */,
				DC2A3D2BEE50548EB62A5318 /* Embed Pods Frameworks */,
				4D863255F9DE654C5C6623A7 /* Copy Pods Resources */,
			);
			buildRules = (
			);
			dependencies = (
			);
			name = Athletics;
			productName = Athletics;
			productReference = AD6102191BE2E6130009A612 /* Athletics.app */;
			productType = "com.apple.product-type.application";
		};
		AD6102301BE2E6130009A612 /* AthleticsTests */ = {
			isa = PBXNativeTarget;
			buildConfigurationList = AD61023E1BE2E6130009A612 /* Build configuration list for PBXNativeTarget "AthleticsTests" */;
			buildPhases = (
				AD61022D1BE2E6130009A612 /* Sources */,
				AD61022E1BE2E6130009A612 /* Frameworks */,
				AD61022F1BE2E6130009A612 /* Resources */,
			);
			buildRules = (
			);
			dependencies = (
				AD6102331BE2E6130009A612 /* PBXTargetDependency */,
			);
			name = AthleticsTests;
			productName = AthleticsTests;
			productReference = AD6102311BE2E6130009A612 /* AthleticsTests.xctest */;
			productType = "com.apple.product-type.bundle.unit-test";
		};
/* End PBXNativeTarget section */

/* Begin PBXProject section */
		AD6102111BE2E6130009A612 /* Project object */ = {
			isa = PBXProject;
			attributes = {
				LastSwiftMigration = 0710;
				LastSwiftUpdateCheck = 0710;
				LastUpgradeCheck = 0710;
				ORGANIZATIONNAME = Wambl;
				TargetAttributes = {
					AD6102181BE2E6130009A612 = {
						CreatedOnToolsVersion = 6.4;
					};
					AD6102301BE2E6130009A612 = {
						CreatedOnToolsVersion = 6.4;
						TestTargetID = AD6102181BE2E6130009A612;
					};
				};
			};
			buildConfigurationList = AD6102141BE2E6130009A612 /* Build configuration list for PBXProject "Athletics" */;
			compatibilityVersion = "Xcode 3.2";
			developmentRegion = English;
			hasScannedForEncodings = 0;
			knownRegions = (
				en,
				Base,
			);
			mainGroup = AD6102101BE2E6130009A612;
			productRefGroup = AD61021A1BE2E6130009A612 /* Products */;
			projectDirPath = "";
			projectRoot = "";
			targets = (
				AD6102181BE2E6130009A612 /* Athletics */,
				AD6102301BE2E6130009A612 /* AthleticsTests */,
			);
		};
/* End PBXProject section */

/* Begin PBXResourcesBuildPhase section */
		AD6102171BE2E6130009A612 /* Resources */ = {
			isa = PBXResourcesBuildPhase;
			buildActionMask = 2147483647;
			files = (
				AD6254441BE7C1FC00A2F451 /* DateSelector.xib in Resources */,
				AD6254821BEAF22000A2F451 /* TeamEdit.xib in Resources */,
				AD61022C1BE2E6130009A612 /* LaunchScreen.xib in Resources */,
				AD6254661BE9A04A00A2F451 /* LoginView.xib in Resources */,
				AD6254861BEBF86600A2F451 /* UserAccessCell.xib in Resources */,
				AD62545F1BE944C900A2F451 /* UserEdit.xib in Resources */,
				AD62543F1BE7B68000A2F451 /* TimeSelector.xib in Resources */,
				AD62547D1BEAE36300A2F451 /* TeamsTable.xib in Resources */,
				AD6254741BEABEEC00A2F451 /* UserAccess.xib in Resources */,
				AD6254491BE7C83600A2F451 /* LocationSearch.xib in Resources */,
				AD6102491BE2EBA60009A612 /* Home.xib in Resources */,
				AD6254301BE77BE200A2F451 /* Main.storyboard in Resources */,
				AD6254561BE9443B00A2F451 /* UsersTable.xib in Resources */,
				AD6102291BE2E6130009A612 /* Images.xcassets in Resources */,
				AD62548E1BEEA9E200A2F451 /* Schedule.xib in Resources */,
				AD62548A1BEE8F4700A2F451 /* More.xib in Resources */,
				AD6102651BE3D9B30009A612 /* Calendar.xib in Resources */,
			);
			runOnlyForDeploymentPostprocessing = 0;
		};
		AD61022F1BE2E6130009A612 /* Resources */ = {
			isa = PBXResourcesBuildPhase;
			buildActionMask = 2147483647;
			files = (
			);
			runOnlyForDeploymentPostprocessing = 0;
		};
/* End PBXResourcesBuildPhase section */

/* Begin PBXShellScriptBuildPhase section */
		1967AA7F9EFD064E9ACCB053 /* Check Pods Manifest.lock */ = {
			isa = PBXShellScriptBuildPhase;
			buildActionMask = 2147483647;
			files = (
			);
			inputPaths = (
			);
			name = "Check Pods Manifest.lock";
			outputPaths = (
			);
			runOnlyForDeploymentPostprocessing = 0;
			shellPath = /bin/sh;
			shellScript = "diff \"${PODS_ROOT}/../Podfile.lock\" \"${PODS_ROOT}/Manifest.lock\" > /dev/null\nif [[ $? != 0 ]] ; then\n    cat << EOM\nerror: The sandbox is not in sync with the Podfile.lock. Run 'pod install' or update your CocoaPods installation.\nEOM\n    exit 1\nfi\n";
			showEnvVarsInLog = 0;
		};
		4D863255F9DE654C5C6623A7 /* Copy Pods Resources */ = {
			isa = PBXShellScriptBuildPhase;
			buildActionMask = 2147483647;
			files = (
			);
			inputPaths = (
			);
			name = "Copy Pods Resources";
			outputPaths = (
			);
			runOnlyForDeploymentPostprocessing = 0;
			shellPath = /bin/sh;
			shellScript = "\"${SRCROOT}/Pods/Target Support Files/Pods-Athletics/Pods-Athletics-resources.sh\"\n";
			showEnvVarsInLog = 0;
		};
		DC2A3D2BEE50548EB62A5318 /* Embed Pods Frameworks */ = {
			isa = PBXShellScriptBuildPhase;
			buildActionMask = 2147483647;
			files = (
			);
			inputPaths = (
			);
			name = "Embed Pods Frameworks";
			outputPaths = (
			);
			runOnlyForDeploymentPostprocessing = 0;
			shellPath = /bin/sh;
			shellScript = "\"${SRCROOT}/Pods/Target Support Files/Pods-Athletics/Pods-Athletics-frameworks.sh\"\n";
			showEnvVarsInLog = 0;
		};
/* End PBXShellScriptBuildPhase section */

/* Begin PBXSourcesBuildPhase section */
		AD6102151BE2E6130009A612 /* Sources */ = {
			isa = PBXSourcesBuildPhase;
			buildActionMask = 2147483647;
			files = (
				AD6254431BE7C1FC00A2F451 /* DateSelector.swift in Sources */,
				AD61021F1BE2E6130009A612 /* AppDelegate.swift in Sources */,
				AD62548D1BEEA9E200A2F451 /* Schedule.swift in Sources */,
				AD6254551BE9443B00A2F451 /* UsersTable.swift in Sources */,
				AD62543E1BE7B68000A2F451 /* TimeSelector.swift in Sources */,
				AD6102641BE3D9B30009A612 /* Calendar.swift in Sources */,
				AD6102481BE2EBA60009A612 /* Home.swift in Sources */,
				AD6254851BEBF86600A2F451 /* UserAccessCell.swift in Sources */,
				AD6254701BEAA8AB00A2F451 /* Role.swift in Sources */,
				AD6254611BE9461100A2F451 /* User.swift in Sources */,
				AD62547C1BEAE36300A2F451 /* TeamsTable.swift in Sources */,
				AD6102221BE2E6130009A612 /* Athletics.xcdatamodeld in Sources */,
				AD62542D1BE50B0700A2F451 /* EventEdit.swift in Sources */,
				AD62543A1BE7A46400A2F451 /* Team.swift in Sources */,
				AD6254651BE9A04A00A2F451 /* LoginView.swift in Sources */,
				AD6102511BE2F45E0009A612 /* Event.swift in Sources */,
				AD6254891BEE8F4700A2F451 /* More.swift in Sources */,
				AD62544E1BE92ACA00A2F451 /* Globals.swift in Sources */,
				AD6254731BEABEEC00A2F451 /* UserAccess.swift in Sources */,
				AD6254811BEAF22000A2F451 /* TeamEdit.swift in Sources */,
				AD6254481BE7C83600A2F451 /* LocationSearch.swift in Sources */,
				AD62545E1BE944C900A2F451 /* UserEdit.swift in Sources */,
			);
			runOnlyForDeploymentPostprocessing = 0;
		};
		AD61022D1BE2E6130009A612 /* Sources */ = {
			isa = PBXSourcesBuildPhase;
			buildActionMask = 2147483647;
			files = (
				AD6102381BE2E6130009A612 /* AthleticsTests.swift in Sources */,
			);
			runOnlyForDeploymentPostprocessing = 0;
		};
/* End PBXSourcesBuildPhase section */

/* Begin PBXTargetDependency section */
		AD6102331BE2E6130009A612 /* PBXTargetDependency */ = {
			isa = PBXTargetDependency;
			target = AD6102181BE2E6130009A612 /* Athletics */;
			targetProxy = AD6102321BE2E6130009A612 /* PBXContainerItemProxy */;
		};
/* End PBXTargetDependency section */

/* Begin PBXVariantGroup section */
		AD61022A1BE2E6130009A612 /* LaunchScreen.xib */ = {
			isa = PBXVariantGroup;
			children = (
				AD61022B1BE2E6130009A612 /* Base */,
			);
			name = LaunchScreen.xib;
			sourceTree = "<group>";
		};
/* End PBXVariantGroup section */

/* Begin XCBuildConfiguration section */
		AD6102391BE2E6130009A612 /* Debug */ = {
			isa = XCBuildConfiguration;
			buildSettings = {
				ALWAYS_SEARCH_USER_PATHS = NO;
				CLANG_CXX_LANGUAGE_STANDARD = "gnu++0x";
				CLANG_CXX_LIBRARY = "libc++";
				CLANG_ENABLE_MODULES = YES;
				CLANG_ENABLE_OBJC_ARC = YES;
				CLANG_WARN_BOOL_CONVERSION = YES;
				CLANG_WARN_CONSTANT_CONVERSION = YES;
				CLANG_WARN_DIRECT_OBJC_ISA_USAGE = YES_ERROR;
				CLANG_WARN_EMPTY_BODY = YES;
				CLANG_WARN_ENUM_CONVERSION = YES;
				CLANG_WARN_INT_CONVERSION = YES;
				CLANG_WARN_OBJC_ROOT_CLASS = YES_ERROR;
				CLANG_WARN_UNREACHABLE_CODE = YES;
				CLANG_WARN__DUPLICATE_METHOD_MATCH = YES;
				"CODE_SIGN_IDENTITY[sdk=iphoneos*]" = "iPhone Developer";
				COPY_PHASE_STRIP = NO;
				DEBUG_INFORMATION_FORMAT = "dwarf-with-dsym";
				ENABLE_STRICT_OBJC_MSGSEND = YES;
				ENABLE_TESTABILITY = YES;
				GCC_C_LANGUAGE_STANDARD = gnu99;
				GCC_DYNAMIC_NO_PIC = NO;
				GCC_NO_COMMON_BLOCKS = YES;
				GCC_OPTIMIZATION_LEVEL = 0;
				GCC_PREPROCESSOR_DEFINITIONS = (
					"DEBUG=1",
					"$(inherited)",
				);
				GCC_SYMBOLS_PRIVATE_EXTERN = NO;
				GCC_WARN_64_TO_32_BIT_CONVERSION = YES;
				GCC_WARN_ABOUT_RETURN_TYPE = YES_ERROR;
				GCC_WARN_UNDECLARED_SELECTOR = YES;
				GCC_WARN_UNINITIALIZED_AUTOS = YES_AGGRESSIVE;
				GCC_WARN_UNUSED_FUNCTION = YES;
				GCC_WARN_UNUSED_VARIABLE = YES;
				IPHONEOS_DEPLOYMENT_TARGET = 8.4;
				MTL_ENABLE_DEBUG_INFO = YES;
				ONLY_ACTIVE_ARCH = YES;
				SDKROOT = iphoneos;
				SWIFT_OPTIMIZATION_LEVEL = "-Onone";
			};
			name = Debug;
		};
		AD61023A1BE2E6130009A612 /* Release */ = {
			isa = XCBuildConfiguration;
			buildSettings = {
				ALWAYS_SEARCH_USER_PATHS = NO;
				CLANG_CXX_LANGUAGE_STANDARD = "gnu++0x";
				CLANG_CXX_LIBRARY = "libc++";
				CLANG_ENABLE_MODULES = YES;
				CLANG_ENABLE_OBJC_ARC = YES;
				CLANG_WARN_BOOL_CONVERSION = YES;
				CLANG_WARN_CONSTANT_CONVERSION = YES;
				CLANG_WARN_DIRECT_OBJC_ISA_USAGE = YES_ERROR;
				CLANG_WARN_EMPTY_BODY = YES;
				CLANG_WARN_ENUM_CONVERSION = YES;
				CLANG_WARN_INT_CONVERSION = YES;
				CLANG_WARN_OBJC_ROOT_CLASS = YES_ERROR;
				CLANG_WARN_UNREACHABLE_CODE = YES;
				CLANG_WARN__DUPLICATE_METHOD_MATCH = YES;
				"CODE_SIGN_IDENTITY[sdk=iphoneos*]" = "iPhone Developer";
				COPY_PHASE_STRIP = NO;
				DEBUG_INFORMATION_FORMAT = "dwarf-with-dsym";
				ENABLE_NS_ASSERTIONS = NO;
				ENABLE_STRICT_OBJC_MSGSEND = YES;
				GCC_C_LANGUAGE_STANDARD = gnu99;
				GCC_NO_COMMON_BLOCKS = YES;
				GCC_WARN_64_TO_32_BIT_CONVERSION = YES;
				GCC_WARN_ABOUT_RETURN_TYPE = YES_ERROR;
				GCC_WARN_UNDECLARED_SELECTOR = YES;
				GCC_WARN_UNINITIALIZED_AUTOS = YES_AGGRESSIVE;
				GCC_WARN_UNUSED_FUNCTION = YES;
				GCC_WARN_UNUSED_VARIABLE = YES;
				IPHONEOS_DEPLOYMENT_TARGET = 8.4;
				MTL_ENABLE_DEBUG_INFO = NO;
				SDKROOT = iphoneos;
				VALIDATE_PRODUCT = YES;
			};
			name = Release;
		};
		AD61023C1BE2E6130009A612 /* Debug */ = {
			isa = XCBuildConfiguration;
			baseConfigurationReference = 9C6A14E6F1A96AFC87044C09 /* Pods-Athletics.debug.xcconfig */;
			buildSettings = {
				ASSETCATALOG_COMPILER_APPICON_NAME = AppIcon;
				CLANG_ENABLE_MODULES = YES;
				INFOPLIST_FILE = Athletics/Info.plist;
				IPHONEOS_DEPLOYMENT_TARGET = 8.0;
				LD_RUNPATH_SEARCH_PATHS = "$(inherited) @executable_path/Frameworks";
				PRODUCT_BUNDLE_IDENTIFIER = "com.wambl.$(PRODUCT_NAME:rfc1034identifier)";
				PRODUCT_NAME = "$(TARGET_NAME)";
				SWIFT_OBJC_BRIDGING_HEADER = "Athletics/Athletics-Bridging-Header.h";
				SWIFT_OPTIMIZATION_LEVEL = "-Onone";
			};
			name = Debug;
		};
		AD61023D1BE2E6130009A612 /* Release */ = {
			isa = XCBuildConfiguration;
			baseConfigurationReference = BF8A320E446C9BCC99D6BB8F /* Pods-Athletics.release.xcconfig */;
			buildSettings = {
				ASSETCATALOG_COMPILER_APPICON_NAME = AppIcon;
				CLANG_ENABLE_MODULES = YES;
				INFOPLIST_FILE = Athletics/Info.plist;
				IPHONEOS_DEPLOYMENT_TARGET = 8.0;
				LD_RUNPATH_SEARCH_PATHS = "$(inherited) @executable_path/Frameworks";
				PRODUCT_BUNDLE_IDENTIFIER = "com.wambl.$(PRODUCT_NAME:rfc1034identifier)";
				PRODUCT_NAME = "$(TARGET_NAME)";
				SWIFT_OBJC_BRIDGING_HEADER = "Athletics/Athletics-Bridging-Header.h";
			};
			name = Release;
		};
		AD61023F1BE2E6130009A612 /* Debug */ = {
			isa = XCBuildConfiguration;
			buildSettings = {
				BUNDLE_LOADER = "$(TEST_HOST)";
				GCC_PREPROCESSOR_DEFINITIONS = (
					"DEBUG=1",
					"$(inherited)",
				);
				INFOPLIST_FILE = AthleticsTests/Info.plist;
				LD_RUNPATH_SEARCH_PATHS = "$(inherited) @executable_path/Frameworks @loader_path/Frameworks";
				PRODUCT_BUNDLE_IDENTIFIER = "com.wambl.$(PRODUCT_NAME:rfc1034identifier)";
				PRODUCT_NAME = "$(TARGET_NAME)";
				TEST_HOST = "$(BUILT_PRODUCTS_DIR)/Athletics.app/Athletics";
			};
			name = Debug;
		};
		AD6102401BE2E6130009A612 /* Release */ = {
			isa = XCBuildConfiguration;
			buildSettings = {
				BUNDLE_LOADER = "$(TEST_HOST)";
				INFOPLIST_FILE = AthleticsTests/Info.plist;
				LD_RUNPATH_SEARCH_PATHS = "$(inherited) @executable_path/Frameworks @loader_path/Frameworks";
				PRODUCT_BUNDLE_IDENTIFIER = "com.wambl.$(PRODUCT_NAME:rfc1034identifier)";
				PRODUCT_NAME = "$(TARGET_NAME)";
				TEST_HOST = "$(BUILT_PRODUCTS_DIR)/Athletics.app/Athletics";
			};
			name = Release;
		};
/* End XCBuildConfiguration section */

/* Begin XCConfigurationList section */
		AD6102141BE2E6130009A612 /* Build configuration list for PBXProject "Athletics" */ = {
			isa = XCConfigurationList;
			buildConfigurations = (
				AD6102391BE2E6130009A612 /* Debug */,
				AD61023A1BE2E6130009A612 /* Release */,
			);
			defaultConfigurationIsVisible = 0;
			defaultConfigurationName = Release;
		};
		AD61023B1BE2E6130009A612 /* Build configuration list for PBXNativeTarget "Athletics" */ = {
			isa = XCConfigurationList;
			buildConfigurations = (
				AD61023C1BE2E6130009A612 /* Debug */,
				AD61023D1BE2E6130009A612 /* Release */,
			);
			defaultConfigurationIsVisible = 0;
			defaultConfigurationName = Release;
		};
		AD61023E1BE2E6130009A612 /* Build configuration list for PBXNativeTarget "AthleticsTests" */ = {
			isa = XCConfigurationList;
			buildConfigurations = (
				AD61023F1BE2E6130009A612 /* Debug */,
				AD6102401BE2E6130009A612 /* Release */,
			);
			defaultConfigurationIsVisible = 0;
			defaultConfigurationName = Release;
		};
/* End XCConfigurationList section */

/* Begin XCVersionGroup section */
		AD6102201BE2E6130009A612 /* Athletics.xcdatamodeld */ = {
			isa = XCVersionGroup;
			children = (
				AD6102211BE2E6130009A612 /* Athletics.xcdatamodel */,
			);
			currentVersion = AD6102211BE2E6130009A612 /* Athletics.xcdatamodel */;
			path = Athletics.xcdatamodeld;
			sourceTree = "<group>";
			versionGroupType = wrapper.xcdatamodel;
		};
/* End XCVersionGroup section */
	};
	rootObject = AD6102111BE2E6130009A612 /* Project object */;
}
